
Microsoft Visual Studio Solution File, Format Version 12.00
# Visual Studio Version 17
VisualStudioVersion = 17.1.32210.238
MinimumVisualStudioVersion = 10.0.40219.1
Project("{9A19103F-16F7-4668-BE54-9A1E7A4F7556}") = "WordleHacks", "WordleHacks\WordleHacks.csproj", "{FCE587EF-9D1F-4D5D-8735-5FBEDF4E64E9}"
EndProject
Global
	GlobalSection(SolutionConfigurationPlatforms) = preSolution
		Debug|Any CPU = Debug|Any CPU
		Release|Any CPU = Release|Any CPU
	EndGlobalSection
	GlobalSection(ProjectConfigurationPlatforms) = postSolution
		{FCE587EF-9D1F-4D5D-8735-5FBEDF4E64E9}.Debug|Any CPU.ActiveCfg = Debug|Any CPU
		{FCE587EF-9D1F-4D5D-8735-5FBEDF4E64E9}.Debug|Any CPU.Build.0 = Debug|Any CPU
		{FCE587EF-9D1F-4D5D-8735-5FBEDF4E64E9}.Release|Any CPU.ActiveCfg = Release|Any CPU
		{FCE587EF-9D1F-4D5D-8735-5FBEDF4E64E9}.Release|Any CPU.Build.0 = Release|Any CPU
	EndGlobalSection
	GlobalSection(SolutionProperties) = preSolution
		HideSolutionNode = FALSE
	EndGlobalSection
	GlobalSection(ExtensibilityGlobals) = postSolution
		SolutionGuid = {5EA76EC0-2844-4D97-B30E-6AE568F00F87}
	EndGlobalSection
EndGlobal
